
Microsoft Visual Studio Solution File, Format Version 12.00
# Visual Studio 15
VisualStudioVersion = 15.0.27428.2037
MinimumVisualStudioVersion = 10.0.40219.1
Project("{8BC9CEB8-8B4A-11D0-8D11-00A0C91BC942}") = "LiteMomiji", "LiteMomiji\LiteMomiji.vcxproj", "{6AB47489-B62A-4EF8-905F-D253EEF8FCB2}"
EndProject
Project("{8BC9CEB8-8B4A-11D0-8D11-00A0C91BC942}") = "ShaderProject", "ShaderProject\ShaderProject.vcxproj", "{3149D8B9-8454-4C26-85B5-7F2F7738C019}"
EndProject
Project("{2150E333-8FDC-42A3-9474-1A3956D46DE8}") = "ShaderProjects", "ShaderProjects", "{B10568C2-F92C-4650-AFCA-5BDD813FDD84}"
EndProject
Global
	GlobalSection(SolutionConfigurationPlatforms) = preSolution
		Debug|x64 = Debug|x64
		Debug|x86 = Debug|x86
		Release|x64 = Release|x64
		Release|x86 = Release|x86
	EndGlobalSection
	GlobalSection(ProjectConfigurationPlatforms) = postSolution
		{6AB47489-B62A-4EF8-905F-D253EEF8FCB2}.Debug|x64.ActiveCfg = Debug|x64
		{6AB47489-B62A-4EF8-905F-D253EEF8FCB2}.Debug|x64.Build.0 = Debug|x64
		{6AB47489-B62A-4EF8-905F-D253EEF8FCB2}.Debug|x86.ActiveCfg = Debug|Win32
		{6AB47489-B62A-4EF8-905F-D253EEF8FCB2}.Debug|x86.Build.0 = Debug|Win32
		{6AB47489-B62A-4EF8-905F-D253EEF8FCB2}.Release|x64.ActiveCfg = Release|x64
		{6AB47489-B62A-4EF8-905F-D253EEF8FCB2}.Release|x64.Build.0 = Release|x64
		{6AB47489-B62A-4EF8-905F-D253EEF8FCB2}.Release|x86.ActiveCfg = Release|Win32
		{6AB47489-B62A-4EF8-905F-D253EEF8FCB2}.Release|x86.Build.0 = Release|Win32
		{3149D8B9-8454-4C26-85B5-7F2F7738C019}.Debug|x64.ActiveCfg = Debug|x64
		{3149D8B9-8454-4C26-85B5-7F2F7738C019}.Debug|x64.Build.0 = Debug|x64
		{3149D8B9-8454-4C26-85B5-7F2F7738C019}.Debug|x86.ActiveCfg = Debug|Win32
		{3149D8B9-8454-4C26-85B5-7F2F7738C019}.Debug|x86.Build.0 = Debug|Win32
		{3149D8B9-8454-4C26-85B5-7F2F7738C019}.Release|x64.ActiveCfg = Release|x64
		{3149D8B9-8454-4C26-85B5-7F2F7738C019}.Release|x64.Build.0 = Release|x64
		{3149D8B9-8454-4C26-85B5-7F2F7738C019}.Release|x86.ActiveCfg = Release|Win32
		{3149D8B9-8454-4C26-85B5-7F2F7738C019}.Release|x86.Build.0 = Release|Win32
	EndGlobalSection
	GlobalSection(SolutionProperties) = preSolution
		HideSolutionNode = FALSE
	EndGlobalSection
	GlobalSection(NestedProjects) = preSolution
		{3149D8B9-8454-4C26-85B5-7F2F7738C019} = {B10568C2-F92C-4650-AFCA-5BDD813FDD84}
	EndGlobalSection
	GlobalSection(ExtensibilityGlobals) = postSolution
		SolutionGuid = {FF68FC05-AE3A-4622-BDAF-627BC8709BDE}
	EndGlobalSection
EndGlobal
